
Microsoft Visual Studio Solution File, Format Version 12.00
# Visual Studio Version 17
VisualStudioVersion = 17.7.34024.191
MinimumVisualStudioVersion = 10.0.40219.1
Project("{9A19103F-16F7-4668-BE54-9A1E7A4F7556}") = "LogicaDeNegocio", "Obligatorio\LogicaDeNegocio.csproj", "{7A952B03-9F5A-4989-B7AA-E79CA301FA27}"
EndProject
Project("{9A19103F-16F7-4668-BE54-9A1E7A4F7556}") = "LogicaDeDatos", "LogicaDeDatos\LogicaDeDatos.csproj", "{38DBAB7D-B35B-4363-894A-6D90B936772C}"
EndProject
Project("{9A19103F-16F7-4668-BE54-9A1E7A4F7556}") = "ExcepcionesPropias", "ExcepcionesPropias\ExcepcionesPropias.csproj", "{E7E94354-E8BE-4916-9064-0C972685D47A}"
EndProject
Project("{9A19103F-16F7-4668-BE54-9A1E7A4F7556}") = "LogicaAplicacion", "LogicaAplicacion\LogicaAplicacion.csproj", "{A52EE369-05FF-4765-8C83-0876A912327A}"
EndProject
Project("{9A19103F-16F7-4668-BE54-9A1E7A4F7556}") = "ObligatorioAPI", "ObligatorioAPI\ObligatorioAPI.csproj", "{95DCFD87-A1F9-42FA-B974-7408A8421210}"
EndProject
Project("{9A19103F-16F7-4668-BE54-9A1E7A4F7556}") = "DTOs", "DTOs\DTOs.csproj", "{031A5622-3248-4DEA-9C67-77E625C67DDE}"
EndProject
Global
	GlobalSection(SolutionConfigurationPlatforms) = preSolution
		Debug|Any CPU = Debug|Any CPU
		Release|Any CPU = Release|Any CPU
	EndGlobalSection
	GlobalSection(ProjectConfigurationPlatforms) = postSolution
		{7A952B03-9F5A-4989-B7AA-E79CA301FA27}.Debug|Any CPU.ActiveCfg = Debug|Any CPU
		{7A952B03-9F5A-4989-B7AA-E79CA301FA27}.Debug|Any CPU.Build.0 = Debug|Any CPU
		{7A952B03-9F5A-4989-B7AA-E79CA301FA27}.Release|Any CPU.ActiveCfg = Release|Any CPU
		{7A952B03-9F5A-4989-B7AA-E79CA301FA27}.Release|Any CPU.Build.0 = Release|Any CPU
		{38DBAB7D-B35B-4363-894A-6D90B936772C}.Debug|Any CPU.ActiveCfg = Debug|Any CPU
		{38DBAB7D-B35B-4363-894A-6D90B936772C}.Debug|Any CPU.Build.0 = Debug|Any CPU
		{38DBAB7D-B35B-4363-894A-6D90B936772C}.Release|Any CPU.ActiveCfg = Release|Any CPU
		{38DBAB7D-B35B-4363-894A-6D90B936772C}.Release|Any CPU.Build.0 = Release|Any CPU
		{E7E94354-E8BE-4916-9064-0C972685D47A}.Debug|Any CPU.ActiveCfg = Debug|Any CPU
		{E7E94354-E8BE-4916-9064-0C972685D47A}.Debug|Any CPU.Build.0 = Debug|Any CPU
		{E7E94354-E8BE-4916-9064-0C972685D47A}.Release|Any CPU.ActiveCfg = Release|Any CPU
		{E7E94354-E8BE-4916-9064-0C972685D47A}.Release|Any CPU.Build.0 = Release|Any CPU
		{A52EE369-05FF-4765-8C83-0876A912327A}.Debug|Any CPU.ActiveCfg = Debug|Any CPU
		{A52EE369-05FF-4765-8C83-0876A912327A}.Debug|Any CPU.Build.0 = Debug|Any CPU
		{A52EE369-05FF-4765-8C83-0876A912327A}.Release|Any CPU.ActiveCfg = Release|Any CPU
		{A52EE369-05FF-4765-8C83-0876A912327A}.Release|Any CPU.Build.0 = Release|Any CPU
		{95DCFD87-A1F9-42FA-B974-7408A8421210}.Debug|Any CPU.ActiveCfg = Debug|Any CPU
		{95DCFD87-A1F9-42FA-B974-7408A8421210}.Debug|Any CPU.Build.0 = Debug|Any CPU
		{95DCFD87-A1F9-42FA-B974-7408A8421210}.Release|Any CPU.ActiveCfg = Release|Any CPU
		{95DCFD87-A1F9-42FA-B974-7408A8421210}.Release|Any CPU.Build.0 = Release|Any CPU
		{031A5622-3248-4DEA-9C67-77E625C67DDE}.Debug|Any CPU.ActiveCfg = Debug|Any CPU
		{031A5622-3248-4DEA-9C67-77E625C67DDE}.Debug|Any CPU.Build.0 = Debug|Any CPU
		{031A5622-3248-4DEA-9C67-77E625C67DDE}.Release|Any CPU.ActiveCfg = Release|Any CPU
		{031A5622-3248-4DEA-9C67-77E625C67DDE}.Release|Any CPU.Build.0 = Release|Any CPU
	EndGlobalSection
	GlobalSection(SolutionProperties) = preSolution
		HideSolutionNode = FALSE
	EndGlobalSection
	GlobalSection(ExtensibilityGlobals) = postSolution
		SolutionGuid = {EC18B2BE-9DB3-43E3-8E7C-E885F3E39B98}
	EndGlobalSection
EndGlobal
